
Microsoft Visual Studio Solution File, Format Version 12.00
# Visual Studio Version 17
VisualStudioVersion = 17.4.33213.308
MinimumVisualStudioVersion = 10.0.40219.1
Project("{FAE04EC0-301F-11D3-BF4B-00C04F79EFBC}") = "DsGitExperience", "DsGitExperience\DsGitExperience.csproj", "{8CC4B66A-1A4F-4D29-B0A0-41244DFC5F91}"
EndProject
Global
	GlobalSection(SolutionConfigurationPlatforms) = preSolution
		Debug|Any CPU = Debug|Any CPU
		Release|Any CPU = Release|Any CPU
	EndGlobalSection
	GlobalSection(ProjectConfigurationPlatforms) = postSolution
		{8CC4B66A-1A4F-4D29-B0A0-41244DFC5F91}.Debug|Any CPU.ActiveCfg = Debug|Any CPU
		{8CC4B66A-1A4F-4D29-B0A0-41244DFC5F91}.Debug|Any CPU.Build.0 = Debug|Any CPU
		{8CC4B66A-1A4F-4D29-B0A0-41244DFC5F91}.Release|Any CPU.ActiveCfg = Release|Any CPU
		{8CC4B66A-1A4F-4D29-B0A0-41244DFC5F91}.Release|Any CPU.Build.0 = Release|Any CPU
	EndGlobalSection
	GlobalSection(SolutionProperties) = preSolution
		HideSolutionNode = FALSE
	EndGlobalSection
	GlobalSection(ExtensibilityGlobals) = postSolution
		SolutionGuid = {ED9CFD67-3107-4025-AB5B-E04872689990}
	EndGlobalSection
EndGlobal
